# generated by rye
# use `rye lock` or `rye sync` to update this lockfile
#
# last locked with the following flags:
#   pre: false
#   features: []
#   all-features: false
#   with-sources: false

-e file:.
click==8.1.7
    # via uvicorn
gunicorn==22.0.0
    # via hello
h11==0.14.0
    # via uvicorn
packaging==24.0
    # via gunicorn
uvicorn==0.30.0
    # via hello
